{
    "_readme": [
        "This file locks the dependencies of your project to a known state",
        "Read more about it at http://getcomposer.org/doc/01-basic-usage.md#composer-lock-the-lock-file",
        "This file is @generated automatically"
    ],
    "hash": "b54286c2fd38adbff60fe3752ee1ba6b",
    "packages": [
        {
            "name": "flowjs/flow-php-server",
            "version": "dev-master",
            "source": {
                "type": "git",
                "url": "https://github.com/flowjs/flow-php-server.git",
                "reference": "482bb4b8693614769977e099638d14ae6ef9c4af"
            },
            "dist": {
                "type": "zip",
                "url": "https://api.github.com/repos/flowjs/flow-php-server/zipball/482bb4b8693614769977e099638d14ae6ef9c4af",
                "reference": "482bb4b8693614769977e099638d14ae6ef9c4af",
                "shasum": ""
            },
            "require-dev": {
                "league/phpunit-coverage-listener": "~1.1",
                "mikey179/vfsstream": "v1.2.0"
            },
            "type": "library",
            "autoload": {
                "psr-0": {
                    "Flow": "src"
                }
            },
            "notification-url": "https://packagist.org/downloads/",
            "license": [
                "MIT"
            ],
            "authors": [
                {
                    "name": "Aidas Klimas",
                    "email": "aidaskk@gmail.com"
                }
            ],
            "description": "PHP library for handling chunk uploads. Works with flow.js html5 file uploads.",
            "keywords": [
                "chunks",
                "file upload",
                "flow",
                "flow.js",
                "html5 file upload",
                "resumable",
                "resumable.js",
                "upload"
            ],
            "time": "2014-06-24 15:04:59"
        }
    ],
    "packages-dev": [],
    "aliases": [],
    "minimum-stability": "dev",
    "stability-flags": [],
    "prefer-stable": false,
    "platform": {
        "php": ">=5.4.0",
        "ext-pcre": "*",
        "ext-mbstring": "*",
        "ext-ctype": "*",
        "ext-date": "*",
        "ext-iconv": "*",
        "ext-curl": "*",
        "ext-pdo": "*"
    },
    "platform-dev": []
}
